{
  "name": "creatorbharat-1",
  "lockfileVersion": 3,
  "requires": true,
  "packages": {
    "": {
      "dependencies": {
        "@sentry/react": "^10.53.1"
      }
    },
    "node_modules/@sentry-internal/browser-utils": {
      "version": "10.53.1",
      "resolved": "https://registry.npmjs.org/@sentry-internal/browser-utils/-/browser-utils-10.53.1.tgz",
      "integrity": "sha512-X4d6y8sBMjmNhcDW4eMBU3ASsNIMz8dqaFkhyIMN/dkYr/yZKnbRZPaVuVUGvHKjnlficPpIH0/HK9KBjrYxPw==",
      "license": "MIT",
      "dependencies": {
        "@sentry/core": "10.53.1"
      },
      "engines": {
        "node": ">=18"
      }
    },
    "node_modules/@sentry-internal/feedback": {
      "version": "10.53.1",
      "resolved": "https://registry.npmjs.org/@sentry-internal/feedback/-/feedback-10.53.1.tgz",
      "integrity": "sha512-vVpTI/aEYN5d9IgZeYJWMqVaN0+iFgidSrYNAsZTh1US5sJUzF/wrl+68KdpmCtFROrN3jiAn1oPSwL5CKvEJA==",
      "license": "MIT",
      "dependencies": {
        "@sentry/core": "10.53.1"
      },
      "engines": {
        "node": ">=18"
      }
    },
    "node_modules/@sentry-internal/replay": {
      "version": "10.53.1",
      "resolved": "https://registry.npmjs.org/@sentry-internal/replay/-/replay-10.53.1.tgz",
      "integrity": "sha512-wZNzTBYkgGUPWMuUQv7L64+OJmoCnz7GQNiTrTFK6EVAjJXFBCSsPp/nhif0bLhbk8+0g4xz633uOhpXuQbFdw==",
      "license": "MIT",
      "dependencies": {
        "@sentry-internal/browser-utils": "10.53.1",
        "@sentry/core": "10.53.1"
      },
      "engines": {
        "node": ">=18"
      }
    },
    "node_modules/@sentry-internal/replay-canvas": {
      "version": "10.53.1",
      "resolved": "https://registry.npmjs.org/@sentry-internal/replay-canvas/-/replay-canvas-10.53.1.tgz",
      "integrity": "sha512-aueLaf/2prExwA76BGU5/bOXCKWqtt6jQXWA6WJQNrmKpPEtZJB4ypnpsou0McXQCF8tur2Y8U0TEkwQP13yJQ==",
      "license": "MIT",
      "dependencies": {
        "@sentry-internal/replay": "10.53.1",
        "@sentry/core": "10.53.1"
      },
      "engines": {
        "node": ">=18"
      }
    },
    "node_modules/@sentry/browser": {
      "version": "10.53.1",
      "resolved": "https://registry.npmjs.org/@sentry/browser/-/browser-10.53.1.tgz",
      "integrity": "sha512-zXF373hzUOGzUOrqd8xb1U3LQi5uYC3mwv+z5OMKUUinQlu30tTWBs7ypy6YTchtix9QlYaHWlayUF8vBZ5UjA==",
      "license": "MIT",
      "dependencies": {
        "@sentry-internal/browser-utils": "10.53.1",
        "@sentry-internal/feedback": "10.53.1",
        "@sentry-internal/replay": "10.53.1",
        "@sentry-internal/replay-canvas": "10.53.1",
        "@sentry/core": "10.53.1"
      },
      "engines": {
        "node": ">=18"
      }
    },
    "node_modules/@sentry/core": {
      "version": "10.53.1",
      "resolved": "https://registry.npmjs.org/@sentry/core/-/core-10.53.1.tgz",
      "integrity": "sha512-XG4ezlkyuAPjBC5+9kXC94rXXuqYTw9NRhfaDHssbTFaGnqBR8vQX2UUgZfY7ucbeelRDGfBu1sywoU+mB04uA==",
      "license": "MIT",
      "engines": {
        "node": ">=18"
      }
    },
    "node_modules/@sentry/react": {
      "version": "10.53.1",
      "resolved": "https://registry.npmjs.org/@sentry/react/-/react-10.53.1.tgz",
      "integrity": "sha512-lrwNq5T/zW84l60894TpKHPcvFuc1I/Hnohecc0TfYVpIcYYuw2orCHoU4v4wgkFaJUpegVetbgdOphViyLVjA==",
      "license": "MIT",
      "dependencies": {
        "@sentry/browser": "10.53.1",
        "@sentry/core": "10.53.1"
      },
      "engines": {
        "node": ">=18"
      },
      "peerDependencies": {
        "react": "^16.14.0 || 17.x || 18.x || 19.x"
      }
    },
    "node_modules/react": {
      "version": "19.2.6",
      "resolved": "https://registry.npmjs.org/react/-/react-19.2.6.tgz",
      "integrity": "sha512-sfWGGfavi0xr8Pg0sVsyHMAOziVYKgPLNrS7ig+ivMNb3wbCBw3KxtflsGBAwD3gYQlE/AEZsTLgToRrSCjb0Q==",
      "license": "MIT",
      "peer": true,
      "engines": {
        "node": ">=0.10.0"
      }
    }
  }
}
